
Microsoft Visual Studio Solution File, Format Version 12.00
# Visual Studio 14
VisualStudioVersion = 14.0.25420.1
MinimumVisualStudioVersion = 10.0.40219.1
Project("{FAE04EC0-301F-11D3-BF4B-00C04F79EFBC}") = "WinDemo", "WinDemo\WinDemo.csproj", "{DB94FA19-F607-4513-B8EB-EC6950E601EE}"
EndProject
Project("{FAE04EC0-301F-11D3-BF4B-00C04F79EFBC}") = "DataLayer", "..\DataLayer\DataLayer.csproj", "{70AF41DA-4B73-452B-84C3-6FBD5C7C33E8}"
EndProject
Project("{FAE04EC0-301F-11D3-BF4B-00C04F79EFBC}") = "ASPDemo", "ASPDemo\ASPDemo.csproj", "{D302F305-2494-47E6-A3C4-7EEE75C9DC6F}"
EndProject
Global
	GlobalSection(SolutionConfigurationPlatforms) = preSolution
		Debug|Any CPU = Debug|Any CPU
		Release|Any CPU = Release|Any CPU
	EndGlobalSection
	GlobalSection(ProjectConfigurationPlatforms) = postSolution
		{DB94FA19-F607-4513-B8EB-EC6950E601EE}.Debug|Any CPU.ActiveCfg = Debug|Any CPU
		{DB94FA19-F607-4513-B8EB-EC6950E601EE}.Debug|Any CPU.Build.0 = Debug|Any CPU
		{DB94FA19-F607-4513-B8EB-EC6950E601EE}.Release|Any CPU.ActiveCfg = Release|Any CPU
		{DB94FA19-F607-4513-B8EB-EC6950E601EE}.Release|Any CPU.Build.0 = Release|Any CPU
		{70AF41DA-4B73-452B-84C3-6FBD5C7C33E8}.Debug|Any CPU.ActiveCfg = Debug|Any CPU
		{70AF41DA-4B73-452B-84C3-6FBD5C7C33E8}.Debug|Any CPU.Build.0 = Debug|Any CPU
		{70AF41DA-4B73-452B-84C3-6FBD5C7C33E8}.Release|Any CPU.ActiveCfg = Release|Any CPU
		{70AF41DA-4B73-452B-84C3-6FBD5C7C33E8}.Release|Any CPU.Build.0 = Release|Any CPU
		{D302F305-2494-47E6-A3C4-7EEE75C9DC6F}.Debug|Any CPU.ActiveCfg = Debug|Any CPU
		{D302F305-2494-47E6-A3C4-7EEE75C9DC6F}.Debug|Any CPU.Build.0 = Debug|Any CPU
		{D302F305-2494-47E6-A3C4-7EEE75C9DC6F}.Release|Any CPU.ActiveCfg = Release|Any CPU
		{D302F305-2494-47E6-A3C4-7EEE75C9DC6F}.Release|Any CPU.Build.0 = Release|Any CPU
	EndGlobalSection
	GlobalSection(SolutionProperties) = preSolution
		HideSolutionNode = FALSE
	EndGlobalSection
EndGlobal
