
Microsoft Visual Studio Solution File, Format Version 12.00
# Visual Studio 15
VisualStudioVersion = 15.0.27703.2035
MinimumVisualStudioVersion = 10.0.40219.1
Project("{FAE04EC0-301F-11D3-BF4B-00C04F79EFBC}") = "WinDemo", "WinDemo\WinDemo.csproj", "{DB94FA19-F607-4513-B8EB-EC6950E601EE}"
EndProject
Project("{FAE04EC0-301F-11D3-BF4B-00C04F79EFBC}") = "DataLayer", "..\DataLayer\DataLayer.csproj", "{70AF41DA-4B73-452B-84C3-6FBD5C7C33E8}"
EndProject
Project("{FAE04EC0-301F-11D3-BF4B-00C04F79EFBC}") = "ASPDemo", "ASPDemo\ASPDemo.csproj", "{D302F305-2494-47E6-A3C4-7EEE75C9DC6F}"
EndProject
Project("{FAE04EC0-301F-11D3-BF4B-00C04F79EFBC}") = "Domain", "Domen\Domain.csproj", "{00C2E061-BC08-4D81-93F0-D1E1BFF4FD6F}"
EndProject
Project("{FAE04EC0-301F-11D3-BF4B-00C04F79EFBC}") = "CodeModelFromDB", "..\..\Ninja.Module2Demo\CodeModelFromDB\CodeModelFromDB.csproj", "{5EF351D9-66F3-4EDD-B1A5-4D1E0B1D5005}"
EndProject
Project("{FAE04EC0-301F-11D3-BF4B-00C04F79EFBC}") = "ConsoleApplication", "..\..\Ninja.Module2Demo\ConsoleApplication\ConsoleApplication.csproj", "{2C9D4F79-D156-4BCF-9AE1-0AE5479065CD}"
EndProject
Project("{FAE04EC0-301F-11D3-BF4B-00C04F79EFBC}") = "EDMXFromDB", "..\..\Ninja.Module2Demo\EDMXFromDB\EDMXFromDB.csproj", "{11D030FC-2976-4CB7-988A-E6AF863DA375}"
EndProject
Project("{FAE04EC0-301F-11D3-BF4B-00C04F79EFBC}") = "NinjaDomain.Classes", "..\..\Ninja.Module2Demo\NinjaDomain.Classes\NinjaDomain.Classes.csproj", "{BD94C21E-530B-42BA-B3AA-DD80E73303E3}"
EndProject
Project("{FAE04EC0-301F-11D3-BF4B-00C04F79EFBC}") = "NinjaDomain.DataModel", "..\..\Ninja.Module2Demo\NinjaDomain.DataModel\NinjaDomain.DataModel.csproj", "{448BFA42-179A-40CE-8F57-5B740B5168C1}"
EndProject
Global
	GlobalSection(SolutionConfigurationPlatforms) = preSolution
		Debug|Any CPU = Debug|Any CPU
		Release|Any CPU = Release|Any CPU
	EndGlobalSection
	GlobalSection(ProjectConfigurationPlatforms) = postSolution
		{DB94FA19-F607-4513-B8EB-EC6950E601EE}.Debug|Any CPU.ActiveCfg = Debug|Any CPU
		{DB94FA19-F607-4513-B8EB-EC6950E601EE}.Debug|Any CPU.Build.0 = Debug|Any CPU
		{DB94FA19-F607-4513-B8EB-EC6950E601EE}.Release|Any CPU.ActiveCfg = Release|Any CPU
		{DB94FA19-F607-4513-B8EB-EC6950E601EE}.Release|Any CPU.Build.0 = Release|Any CPU
		{70AF41DA-4B73-452B-84C3-6FBD5C7C33E8}.Debug|Any CPU.ActiveCfg = Debug|Any CPU
		{70AF41DA-4B73-452B-84C3-6FBD5C7C33E8}.Debug|Any CPU.Build.0 = Debug|Any CPU
		{70AF41DA-4B73-452B-84C3-6FBD5C7C33E8}.Release|Any CPU.ActiveCfg = Release|Any CPU
		{70AF41DA-4B73-452B-84C3-6FBD5C7C33E8}.Release|Any CPU.Build.0 = Release|Any CPU
		{D302F305-2494-47E6-A3C4-7EEE75C9DC6F}.Debug|Any CPU.ActiveCfg = Debug|Any CPU
		{D302F305-2494-47E6-A3C4-7EEE75C9DC6F}.Debug|Any CPU.Build.0 = Debug|Any CPU
		{D302F305-2494-47E6-A3C4-7EEE75C9DC6F}.Release|Any CPU.ActiveCfg = Release|Any CPU
		{D302F305-2494-47E6-A3C4-7EEE75C9DC6F}.Release|Any CPU.Build.0 = Release|Any CPU
		{00C2E061-BC08-4D81-93F0-D1E1BFF4FD6F}.Debug|Any CPU.ActiveCfg = Debug|Any CPU
		{00C2E061-BC08-4D81-93F0-D1E1BFF4FD6F}.Debug|Any CPU.Build.0 = Debug|Any CPU
		{00C2E061-BC08-4D81-93F0-D1E1BFF4FD6F}.Release|Any CPU.ActiveCfg = Release|Any CPU
		{00C2E061-BC08-4D81-93F0-D1E1BFF4FD6F}.Release|Any CPU.Build.0 = Release|Any CPU
		{5EF351D9-66F3-4EDD-B1A5-4D1E0B1D5005}.Debug|Any CPU.ActiveCfg = Debug|Any CPU
		{5EF351D9-66F3-4EDD-B1A5-4D1E0B1D5005}.Debug|Any CPU.Build.0 = Debug|Any CPU
		{5EF351D9-66F3-4EDD-B1A5-4D1E0B1D5005}.Release|Any CPU.ActiveCfg = Release|Any CPU
		{5EF351D9-66F3-4EDD-B1A5-4D1E0B1D5005}.Release|Any CPU.Build.0 = Release|Any CPU
		{2C9D4F79-D156-4BCF-9AE1-0AE5479065CD}.Debug|Any CPU.ActiveCfg = Debug|Any CPU
		{2C9D4F79-D156-4BCF-9AE1-0AE5479065CD}.Debug|Any CPU.Build.0 = Debug|Any CPU
		{2C9D4F79-D156-4BCF-9AE1-0AE5479065CD}.Release|Any CPU.ActiveCfg = Release|Any CPU
		{2C9D4F79-D156-4BCF-9AE1-0AE5479065CD}.Release|Any CPU.Build.0 = Release|Any CPU
		{11D030FC-2976-4CB7-988A-E6AF863DA375}.Debug|Any CPU.ActiveCfg = Debug|Any CPU
		{11D030FC-2976-4CB7-988A-E6AF863DA375}.Debug|Any CPU.Build.0 = Debug|Any CPU
		{11D030FC-2976-4CB7-988A-E6AF863DA375}.Release|Any CPU.ActiveCfg = Release|Any CPU
		{11D030FC-2976-4CB7-988A-E6AF863DA375}.Release|Any CPU.Build.0 = Release|Any CPU
		{BD94C21E-530B-42BA-B3AA-DD80E73303E3}.Debug|Any CPU.ActiveCfg = Debug|Any CPU
		{BD94C21E-530B-42BA-B3AA-DD80E73303E3}.Debug|Any CPU.Build.0 = Debug|Any CPU
		{BD94C21E-530B-42BA-B3AA-DD80E73303E3}.Release|Any CPU.ActiveCfg = Release|Any CPU
		{BD94C21E-530B-42BA-B3AA-DD80E73303E3}.Release|Any CPU.Build.0 = Release|Any CPU
		{448BFA42-179A-40CE-8F57-5B740B5168C1}.Debug|Any CPU.ActiveCfg = Debug|Any CPU
		{448BFA42-179A-40CE-8F57-5B740B5168C1}.Debug|Any CPU.Build.0 = Debug|Any CPU
		{448BFA42-179A-40CE-8F57-5B740B5168C1}.Release|Any CPU.ActiveCfg = Release|Any CPU
		{448BFA42-179A-40CE-8F57-5B740B5168C1}.Release|Any CPU.Build.0 = Release|Any CPU
	EndGlobalSection
	GlobalSection(SolutionProperties) = preSolution
		HideSolutionNode = FALSE
	EndGlobalSection
	GlobalSection(ExtensibilityGlobals) = postSolution
		SolutionGuid = {430C633A-0C69-4887-8FFA-BC2D5A37CB2F}
	EndGlobalSection
EndGlobal
